
Microsoft Visual Studio Solution File, Format Version 12.00
# Visual Studio Version 16
VisualStudioVersion = 16.0.31515.178
MinimumVisualStudioVersion = 10.0.40219.1
Project("{F184B08F-C81C-45F6-A57F-5ABD9991F28F}") = "REG.Fungsi", "REG.Fungsi.vbproj", "{ED2BD332-2979-4955-B469-F3384F31EC58}"
EndProject
Global
	GlobalSection(SolutionConfigurationPlatforms) = preSolution
		Debug|Any CPU = Debug|Any CPU
		Release|Any CPU = Release|Any CPU
	EndGlobalSection
	GlobalSection(ProjectConfigurationPlatforms) = postSolution
		{ED2BD332-2979-4955-B469-F3384F31EC58}.Debug|Any CPU.ActiveCfg = Debug|Any CPU
		{ED2BD332-2979-4955-B469-F3384F31EC58}.Debug|Any CPU.Build.0 = Debug|Any CPU
		{ED2BD332-2979-4955-B469-F3384F31EC58}.Release|Any CPU.ActiveCfg = Release|Any CPU
		{ED2BD332-2979-4955-B469-F3384F31EC58}.Release|Any CPU.Build.0 = Release|Any CPU
	EndGlobalSection
	GlobalSection(SolutionProperties) = preSolution
		HideSolutionNode = FALSE
	EndGlobalSection
	GlobalSection(ExtensibilityGlobals) = postSolution
		SolutionGuid = {DC8420AE-447B-4D71-AEB3-E401A3B186AA}
	EndGlobalSection
EndGlobal
